// !$*UTF8*$!
{
	archiveVersion = 1;
	classes = {
	};
	objectVersion = 46;
	objects = {

/* Begin PBXBuildFile section */
		D8DB713B14D562F30001C3A6 /* UIKit.framework in Frameworks */ = {isa = PBXBuildFile; fileRef = D8DB713A14D562F30001C3A6 /* UIKit.framework */; };
		D8DB713D14D562F30001C3A6 /* Foundation.framework in Frameworks */ = {isa = PBXBuildFile; fileRef = D8DB713C14D562F30001C3A6 /* Foundation.framework */; };
		D8DB713F14D562F30001C3A6 /* CoreGraphics.framework in Frameworks */ = {isa = PBXBuildFile; fileRef = D8DB713E14D562F30001C3A6 /* CoreGraphics.framework */; };
		D8DB714514D562F30001C3A6 /* InfoPlist.strings in Resources */ = {isa = PBXBuildFile; fileRef = D8DB714314D562F30001C3A6 /* InfoPlist.strings */; };
		D8DB714714D562F30001C3A6 /* main.m in Sources */ = {isa = PBXBuildFile; fileRef = D8DB714614D562F30001C3A6 /* main.m */; };
		D8DB714B14D562F30001C3A6 /* AppDelegate.m in Sources */ = {isa = PBXBuildFile; fileRef = D8DB714A14D562F30001C3A6 /* AppDelegate.m */; };
		D8DB714E14D562F30001C3A6 /* ViewController.m in Sources */ = {isa = PBXBuildFile; fileRef = D8DB714D14D562F30001C3A6 /* ViewController.m */; };
		D8DB715114D562F30001C3A6 /* ViewController.xib in Resources */ = {isa = PBXBuildFile; fileRef = D8DB714F14D562F30001C3A6 /* ViewController.xib */; };
		D8DB715C14D578A00001C3A6 /* myPic.JPG in Resources */ = {isa = PBXBuildFile; fileRef = D8DB715B14D578A00001C3A6 /* myPic.JPG */; };
/* End PBXBuildFile section */

/* Begin PBXFileReference section */
		D8DB713614D562F30001C3A6 /* DocInteractionTest.app */ = {isa = PBXFileReference; explicitFileType = wrapper.application; includeInIndex = 0; path = DocInteractionTest.app; sourceTree = BUILT_PRODUCTS_DIR; };
		D8DB713A14D562F30001C3A6 /* UIKit.framework */ = {isa = PBXFileReference; lastKnownFileType = wrapper.framework; name = UIKit.framework; path = System/Library/Frameworks/UIKit.framework; sourceTree = SDKROOT; };
		D8DB713C14D562F30001C3A6 /* Foundation.framework */ = {isa = PBXFileReference; lastKnownFileType = wrapper.framework; name = Foundation.framework; path = System/Library/Frameworks/Foundation.framework; sourceTree = SDKROOT; };
		D8DB713E14D562F30001C3A6 /* CoreGraphics.framework */ = {isa = PBXFileReference; lastKnownFileType = wrapper.framework; name = CoreGraphics.framework; path = System/Library/Frameworks/CoreGraphics.framework; sourceTree = SDKROOT; };
		D8DB714214D562F30001C3A6 /* DocInteractionTest-Info.plist */ = {isa = PBXFileReference; lastKnownFileType = text.plist.xml; path = "DocInteractionTest-Info.plist"; sourceTree = "<group>"; };
		D8DB714414D562F30001C3A6 /* en */ = {isa = PBXFileReference; lastKnownFileType = text.plist.strings; name = en; path = en.lproj/InfoPlist.strings; sourceTree = "<group>"; };
		D8DB714614D562F30001C3A6 /* main.m */ = {isa = PBXFileReference; lastKnownFileType = sourcecode.c.objc; path = main.m; sourceTree = "<group>"; };
		D8DB714814D562F30001C3A6 /* DocInteractionTest-Prefix.pch */ = {isa = PBXFileReference; lastKnownFileType = sourcecode.c.h; path = "DocInteractionTest-Prefix.pch"; sourceTree = "<group>"; };
		D8DB714914D562F30001C3A6 /* AppDelegate.h */ = {isa = PBXFileReference; lastKnownFileType = sourcecode.c.h; path = AppDelegate.h; sourceTree = "<group>"; };
		D8DB714A14D562F30001C3A6 /* AppDelegate.m */ = {isa = PBXFileReference; lastKnownFileType = sourcecode.c.objc; path = AppDelegate.m; sourceTree = "<group>"; };
		D8DB714C14D562F30001C3A6 /* ViewController.h */ = {isa = PBXFileReference; lastKnownFileType = sourcecode.c.h; path = ViewController.h; sourceTree = "<group>"; };
		D8DB714D14D562F30001C3A6 /* ViewController.m */ = {isa = PBXFileReference; lastKnownFileType = sourcecode.c.objc; path = ViewController.m; sourceTree = "<group>"; };
		D8DB715014D562F30001C3A6 /* en */ = {isa = PBXFileReference; lastKnownFileType = file.xib; name = en; path = en.lproj/ViewController.xib; sourceTree = "<group>"; };
		D8DB715B14D578A00001C3A6 /* myPic.JPG */ = {isa = PBXFileReference; lastKnownFileType = image.jpeg; path = myPic.JPG; sourceTree = "<group>"; };
/* End PBXFileReference section */

/* Begin PBXFrameworksBuildPhase section */
		D8DB713314D562F30001C3A6 /* Frameworks */ = {
			isa = PBXFrameworksBuildPhase;
			buildActionMask = 2147483647;
			files = (
				D8DB713B14D562F30001C3A6 /* UIKit.framework in Frameworks */,
				D8DB713D14D562F30001C3A6 /* Foundation.framework in Frameworks */,
				D8DB713F14D562F30001C3A6 /* CoreGraphics.framework in Frameworks */,
			);
			runOnlyForDeploymentPostprocessing = 0;
		};
/* End PBXFrameworksBuildPhase section */

/* Begin PBXGroup section */
		D8DB712B14D562F30001C3A6 = {
			isa = PBXGroup;
			children = (
				D8DB714014D562F30001C3A6 /* DocInteractionTest */,
				D8DB713914D562F30001C3A6 /* Frameworks */,
				D8DB713714D562F30001C3A6 /* Products */,
			);
			sourceTree = "<group>";
		};
		D8DB713714D562F30001C3A6 /* Products */ = {
			isa = PBXGroup;
			children = (
				D8DB713614D562F30001C3A6 /* DocInteractionTest.app */,
			);
			name = Products;
			sourceTree = "<group>";
		};
		D8DB713914D562F30001C3A6 /* Frameworks */ = {
			isa = PBXGroup;
			children = (
				D8DB713A14D562F30001C3A6 /* UIKit.framework */,
				D8DB713C14D562F30001C3A6 /* Foundation.framework */,
				D8DB713E14D562F30001C3A6 /* CoreGraphics.framework */,
			);
			name = Frameworks;
			sourceTree = "<group>";
		};
		D8DB714014D562F30001C3A6 /* DocInteractionTest */ = {
			isa = PBXGroup;
			children = (
				D8DB714914D562F30001C3A6 /* AppDelegate.h */,
				D8DB714A14D562F30001C3A6 /* AppDelegate.m */,
				D8DB714C14D562F30001C3A6 /* ViewController.h */,
				D8DB714D14D562F30001C3A6 /* ViewController.m */,
				D8DB714F14D562F30001C3A6 /* ViewController.xib */,
				D8DB714114D562F30001C3A6 /* Supporting Files */,
			);
			path = DocInteractionTest;
			sourceTree = "<group>";
		};
		D8DB714114D562F30001C3A6 /* Supporting Files */ = {
			isa = PBXGroup;
			children = (
				D8DB715B14D578A00001C3A6 /* myPic.JPG */,
				D8DB714214D562F30001C3A6 /* DocInteractionTest-Info.plist */,
				D8DB714314D562F30001C3A6 /* InfoPlist.strings */,
				D8DB714614D562F30001C3A6 /* main.m */,
				D8DB714814D562F30001C3A6 /* DocInteractionTest-Prefix.pch */,
			);
			name = "Supporting Files";
			sourceTree = "<group>";
		};
/* End PBXGroup section */

/* Begin PBXNativeTarget section */
		D8DB713514D562F30001C3A6 /* DocInteractionTest */ = {
			isa = PBXNativeTarget;
			buildConfigurationList = D8DB715414D562F30001C3A6 /* Build configuration list for PBXNativeTarget "DocInteractionTest" */;
			buildPhases = (
				D8DB713214D562F30001C3A6 /* Sources */,
				D8DB713314D562F30001C3A6 /* Frameworks */,
				D8DB713414D562F30001C3A6 /* Resources */,
			);
			buildRules = (
			);
			dependencies = (
			);
			name = DocInteractionTest;
			productName = DocInteractionTest;
			productReference = D8DB713614D562F30001C3A6 /* DocInteractionTest.app */;
			productType = "com.apple.product-type.application";
		};
/* End PBXNativeTarget section */

/* Begin PBXProject section */
		D8DB712D14D562F30001C3A6 /* Project object */ = {
			isa = PBXProject;
			attributes = {
				LastUpgradeCheck = 0420;
				ORGANIZATIONNAME = paraches;
			};
			buildConfigurationList = D8DB713014D562F30001C3A6 /* Build configuration list for PBXProject "DocInteractionTest" */;
			compatibilityVersion = "Xcode 3.2";
			developmentRegion = English;
			hasScannedForEncodings = 0;
			knownRegions = (
				en,
			);
			mainGroup = D8DB712B14D562F30001C3A6;
			productRefGroup = D8DB713714D562F30001C3A6 /* Products */;
			projectDirPath = "";
			projectRoot = "";
			targets = (
				D8DB713514D562F30001C3A6 /* DocInteractionTest */,
			);
		};
/* End PBXProject section */

/* Begin PBXResourcesBuildPhase section */
		D8DB713414D562F30001C3A6 /* Resources */ = {
			isa = PBXResourcesBuildPhase;
			buildActionMask = 2147483647;
			files = (
				D8DB714514D562F30001C3A6 /* InfoPlist.strings in Resources */,
				D8DB715114D562F30001C3A6 /* ViewController.xib in Resources */,
				D8DB715C14D578A00001C3A6 /* myPic.JPG in Resources */,
			);
			runOnlyForDeploymentPostprocessing = 0;
		};
/* End PBXResourcesBuildPhase section */

/* Begin PBXSourcesBuildPhase section */
		D8DB713214D562F30001C3A6 /* Sources */ = {
			isa = PBXSourcesBuildPhase;
			buildActionMask = 2147483647;
			files = (
				D8DB714714D562F30001C3A6 /* main.m in Sources */,
				D8DB714B14D562F30001C3A6 /* AppDelegate.m in Sources */,
				D8DB714E14D562F30001C3A6 /* ViewController.m in Sources */,
			);
			runOnlyForDeploymentPostprocessing = 0;
		};
/* End PBXSourcesBuildPhase section */

/* Begin PBXVariantGroup section */
		D8DB714314D562F30001C3A6 /* InfoPlist.strings */ = {
			isa = PBXVariantGroup;
			children = (
				D8DB714414D562F30001C3A6 /* en */,
			);
			name = InfoPlist.strings;
			sourceTree = "<group>";
		};
		D8DB714F14D562F30001C3A6 /* ViewController.xib */ = {
			isa = PBXVariantGroup;
			children = (
				D8DB715014D562F30001C3A6 /* en */,
			);
			name = ViewController.xib;
			sourceTree = "<group>";
		};
/* End PBXVariantGroup section */

/* Begin XCBuildConfiguration section */
		D8DB715214D562F30001C3A6 /* Debug */ = {
			isa = XCBuildConfiguration;
			buildSettings = {
				ALWAYS_SEARCH_USER_PATHS = NO;
				ARCHS = "$(ARCHS_STANDARD_32_BIT)";
				"CODE_SIGN_IDENTITY[sdk=iphoneos*]" = "iPhone Developer";
				COPY_PHASE_STRIP = NO;
				GCC_C_LANGUAGE_STANDARD = gnu99;
				GCC_DYNAMIC_NO_PIC = NO;
				GCC_OPTIMIZATION_LEVEL = 0;
				GCC_PREPROCESSOR_DEFINITIONS = (
					"DEBUG=1",
					"$(inherited)",
				);
				GCC_SYMBOLS_PRIVATE_EXTERN = NO;
				GCC_VERSION = com.apple.compilers.llvm.clang.1_0;
				GCC_WARN_ABOUT_MISSING_PROTOTYPES = YES;
				GCC_WARN_ABOUT_RETURN_TYPE = YES;
				GCC_WARN_UNUSED_VARIABLE = YES;
				IPHONEOS_DEPLOYMENT_TARGET = 5.0;
				SDKROOT = iphoneos;
			};
			name = Debug;
		};
		D8DB715314D562F30001C3A6 /* Release */ = {
			isa = XCBuildConfiguration;
			buildSettings = {
				ALWAYS_SEARCH_USER_PATHS = NO;
				ARCHS = "$(ARCHS_STANDARD_32_BIT)";
				"CODE_SIGN_IDENTITY[sdk=iphoneos*]" = "iPhone Developer";
				COPY_PHASE_STRIP = YES;
				GCC_C_LANGUAGE_STANDARD = gnu99;
				GCC_VERSION = com.apple.compilers.llvm.clang.1_0;
				GCC_WARN_ABOUT_MISSING_PROTOTYPES = YES;
				GCC_WARN_ABOUT_RETURN_TYPE = YES;
				GCC_WARN_UNUSED_VARIABLE = YES;
				IPHONEOS_DEPLOYMENT_TARGET = 5.0;
				OTHER_CFLAGS = "-DNS_BLOCK_ASSERTIONS=1";
				SDKROOT = iphoneos;
				VALIDATE_PRODUCT = YES;
			};
			name = Release;
		};
		D8DB715514D562F30001C3A6 /* Debug */ = {
			isa = XCBuildConfiguration;
			buildSettings = {
				GCC_PRECOMPILE_PREFIX_HEADER = YES;
				GCC_PREFIX_HEADER = "DocInteractionTest/DocInteractionTest-Prefix.pch";
				INFOPLIST_FILE = "DocInteractionTest/DocInteractionTest-Info.plist";
				PRODUCT_NAME = "$(TARGET_NAME)";
				WRAPPER_EXTENSION = app;
			};
			name = Debug;
		};
		D8DB715614D562F30001C3A6 /* Release */ = {
			isa = XCBuildConfiguration;
			buildSettings = {
				GCC_PRECOMPILE_PREFIX_HEADER = YES;
				GCC_PREFIX_HEADER = "DocInteractionTest/DocInteractionTest-Prefix.pch";
				INFOPLIST_FILE = "DocInteractionTest/DocInteractionTest-Info.plist";
				PRODUCT_NAME = "$(TARGET_NAME)";
				WRAPPER_EXTENSION = app;
			};
			name = Release;
		};
/* End XCBuildConfiguration section */

/* Begin XCConfigurationList section */
		D8DB713014D562F30001C3A6 /* Build configuration list for PBXProject "DocInteractionTest" */ = {
			isa = XCConfigurationList;
			buildConfigurations = (
				D8DB715214D562F30001C3A6 /* Debug */,
				D8DB715314D562F30001C3A6 /* Release */,
			);
			defaultConfigurationIsVisible = 0;
			defaultConfigurationName = Release;
		};
		D8DB715414D562F30001C3A6 /* Build configuration list for PBXNativeTarget "DocInteractionTest" */ = {
			isa = XCConfigurationList;
			buildConfigurations = (
				D8DB715514D562F30001C3A6 /* Debug */,
				D8DB715614D562F30001C3A6 /* Release */,
			);
			defaultConfigurationIsVisible = 0;
		};
/* End XCConfigurationList section */
	};
	rootObject = D8DB712D14D562F30001C3A6 /* Project object */;
}
